
Microsoft Visual Studio Solution File, Format Version 12.00
# Visual Studio Version 17
VisualStudioVersion = 17.0.31903.59
MinimumVisualStudioVersion = 10.0.40219.1
Project("{FAE04EC0-301F-11D3-BF4B-00C04F79EFBC}") = "Tidomi.API", "Tidomi.API\Tidomi.API.csproj", "{7EA27F73-3E17-4AFE-A185-8DA387873D76}"
EndProject
Project("{FAE04EC0-301F-11D3-BF4B-00C04F79EFBC}") = "Tidomi.Domain", "Tidomi.Domain\Tidomi.Domain.csproj", "{A7CB1B35-AC16-4ED0-9E74-DB9FDA5BDAA3}"
EndProject
Project("{FAE04EC0-301F-11D3-BF4B-00C04F79EFBC}") = "Tidomi.Application", "Tidomi.Application\Tidomi.Application.csproj", "{34268F25-F2F8-45F6-8DCF-4D4532D56DD0}"
EndProject
Project("{FAE04EC0-301F-11D3-BF4B-00C04F79EFBC}") = "Tidomi.Infrastructure", "Tidomi.Infrastructure\Tidomi.Infrastructure.csproj", "{47E8407D-1994-4006-BA3E-1549C3991931}"
EndProject
Global
	GlobalSection(SolutionConfigurationPlatforms) = preSolution
		Debug|Any CPU = Debug|Any CPU
		Release|Any CPU = Release|Any CPU
	EndGlobalSection
	GlobalSection(SolutionProperties) = preSolution
		HideSolutionNode = FALSE
	EndGlobalSection
	GlobalSection(ProjectConfigurationPlatforms) = postSolution
		{7EA27F73-3E17-4AFE-A185-8DA387873D76}.Debug|Any CPU.ActiveCfg = Debug|Any CPU
		{7EA27F73-3E17-4AFE-A185-8DA387873D76}.Debug|Any CPU.Build.0 = Debug|Any CPU
		{7EA27F73-3E17-4AFE-A185-8DA387873D76}.Release|Any CPU.ActiveCfg = Release|Any CPU
		{7EA27F73-3E17-4AFE-A185-8DA387873D76}.Release|Any CPU.Build.0 = Release|Any CPU
		{A7CB1B35-AC16-4ED0-9E74-DB9FDA5BDAA3}.Debug|Any CPU.ActiveCfg = Debug|Any CPU
		{A7CB1B35-AC16-4ED0-9E74-DB9FDA5BDAA3}.Debug|Any CPU.Build.0 = Debug|Any CPU
		{A7CB1B35-AC16-4ED0-9E74-DB9FDA5BDAA3}.Release|Any CPU.ActiveCfg = Release|Any CPU
		{A7CB1B35-AC16-4ED0-9E74-DB9FDA5BDAA3}.Release|Any CPU.Build.0 = Release|Any CPU
		{34268F25-F2F8-45F6-8DCF-4D4532D56DD0}.Debug|Any CPU.ActiveCfg = Debug|Any CPU
		{34268F25-F2F8-45F6-8DCF-4D4532D56DD0}.Debug|Any CPU.Build.0 = Debug|Any CPU
		{34268F25-F2F8-45F6-8DCF-4D4532D56DD0}.Release|Any CPU.ActiveCfg = Release|Any CPU
		{34268F25-F2F8-45F6-8DCF-4D4532D56DD0}.Release|Any CPU.Build.0 = Release|Any CPU
		{47E8407D-1994-4006-BA3E-1549C3991931}.Debug|Any CPU.ActiveCfg = Debug|Any CPU
		{47E8407D-1994-4006-BA3E-1549C3991931}.Debug|Any CPU.Build.0 = Debug|Any CPU
		{47E8407D-1994-4006-BA3E-1549C3991931}.Release|Any CPU.ActiveCfg = Release|Any CPU
		{47E8407D-1994-4006-BA3E-1549C3991931}.Release|Any CPU.Build.0 = Release|Any CPU
	EndGlobalSection
EndGlobal
